{
  "version": "3",
  "packages": {
    "specifiers": {
      "npm:citation-js@0.7.12": "npm:citation-js@0.7.12_@citation-js+core@0.7.11",
      "npm:citeproc@2.4.63": "npm:citeproc@2.4.63"
    },
    "npm": {
      "@citation-js/cli@0.7.12_@citation-js+core@0.7.11": {
        "integrity": "sha512-8DHibEwhFqaqwmlRD3LgvwLVQyHZltwcB8KHhmkW+N3FlSKaIts6KXtbkaZ+Uydn25JXPFNPqMWG9wAFAOajEw==",
        "dependencies": {
          "@citation-js/core": "@citation-js/core@0.7.11",
          "@citation-js/plugin-bibjson": "@citation-js/plugin-bibjson@0.7.11_@citation-js+core@0.7.11",
          "@citation-js/plugin-bibtex": "@citation-js/plugin-bibtex@0.7.12_@citation-js+core@0.7.11",
          "@citation-js/plugin-csl": "@citation-js/plugin-csl@0.7.11_@citation-js+core@0.7.11",
          "@citation-js/plugin-doi": "@citation-js/plugin-doi@0.7.11_@citation-js+core@0.7.11",
          "@citation-js/plugin-ris": "@citation-js/plugin-ris@0.7.11_@citation-js+core@0.7.11",
          "@citation-js/plugin-wikidata": "@citation-js/plugin-wikidata@0.7.11_@citation-js+core@0.7.11",
          "commander": "commander@11.1.0"
        }
      },
      "@citation-js/core@0.7.11": {
        "integrity": "sha512-evQtyzeW+Gbmq+xWciIq9sbcvXXDbm8q32orD/HDd5ay6RQFKoW/BKxBLp+Nmpxgspb9sxTJn3iFK7+jxOTNTw==",
        "dependencies": {
          "@citation-js/date": "@citation-js/date@0.5.1",
          "@citation-js/name": "@citation-js/name@0.4.2",
          "fetch-ponyfill": "fetch-ponyfill@7.1.0",
          "sync-fetch": "sync-fetch@0.4.5"
        }
      },
      "@citation-js/date@0.5.1": {
        "integrity": "sha512-1iDKAZ4ie48PVhovsOXQ+C6o55dWJloXqtznnnKy6CltJBQLIuLLuUqa8zlIvma0ZigjVjgDUhnVaNU1MErtZw==",
        "dependencies": {}
      },
      "@citation-js/name@0.4.2": {
        "integrity": "sha512-brSPsjs2fOVzSnARLKu0qncn6suWjHVQtrqSUrnqyaRH95r/Ad4wPF5EsoWr+Dx8HzkCGb/ogmoAzfCsqlTwTQ==",
        "dependencies": {}
      },
      "@citation-js/plugin-bibjson@0.7.11_@citation-js+core@0.7.11": {
        "integrity": "sha512-SWwHAIX6XJRzPyQdF5XxDIM1F15tZXepgTHIO2gVVwWGi3oGpoZmNiyMBlCgWUmbHH99fmQiCBIISZaAlFbshQ==",
        "dependencies": {
          "@citation-js/core": "@citation-js/core@0.7.11",
          "@citation-js/date": "@citation-js/date@0.5.1",
          "@citation-js/name": "@citation-js/name@0.4.2"
        }
      },
      "@citation-js/plugin-bibtex@0.7.12_@citation-js+core@0.7.11": {
        "integrity": "sha512-cvby0llm1a1kjvvN9ivKO3dCFoyljKx2Rn9mMsUm43JTJZ4rP0emAZ8qzRL4cL3IIUaCRgkN36O+uz9yPktC5Q==",
        "dependencies": {
          "@citation-js/core": "@citation-js/core@0.7.11",
          "@citation-js/date": "@citation-js/date@0.5.1",
          "@citation-js/name": "@citation-js/name@0.4.2",
          "moo": "moo@0.5.2"
        }
      },
      "@citation-js/plugin-csl@0.7.11_@citation-js+core@0.7.11": {
        "integrity": "sha512-4OGZ9wHZDfpgiPU2cOXWGuKt7P+ndGWAeLG95nOG+DXe5U+f9EEZTXfaM4C99x8Ri+g6JklR96A3kuYZxYLllg==",
        "dependencies": {
          "@citation-js/core": "@citation-js/core@0.7.11",
          "@citation-js/date": "@citation-js/date@0.5.1",
          "citeproc": "citeproc@2.4.63"
        }
      },
      "@citation-js/plugin-doi@0.7.11_@citation-js+core@0.7.11": {
        "integrity": "sha512-Pv48XSy51LEoBIgPjvFXa+J8O48njPOUX0tfCktIWz9m0fovljuDW63QssQsZ8yp9CVx7qqp75kaWZ7A7E93eA==",
        "dependencies": {
          "@citation-js/core": "@citation-js/core@0.7.11",
          "@citation-js/date": "@citation-js/date@0.5.1"
        }
      },
      "@citation-js/plugin-ris@0.7.11_@citation-js+core@0.7.11": {
        "integrity": "sha512-e5aQO74QTTNgMlXVYkEVIghhsDTRUi0I1KeN4gAn/zNdBX+1XnxIBwPq/YE0//hWNp+khaKTa/xx72Hwd1s8cw==",
        "dependencies": {
          "@citation-js/core": "@citation-js/core@0.7.11",
          "@citation-js/date": "@citation-js/date@0.5.1",
          "@citation-js/name": "@citation-js/name@0.4.2"
        }
      },
      "@citation-js/plugin-wikidata@0.7.11_@citation-js+core@0.7.11": {
        "integrity": "sha512-TJjrOwl1d8WGMSDq2ea0IJetRt9yutsSpmMvHikT6uS6DG1B3kQDXsHIc/+ixE3m9u5ZG5evl4CPLauF5sLFFA==",
        "dependencies": {
          "@citation-js/core": "@citation-js/core@0.7.11",
          "@citation-js/date": "@citation-js/date@0.5.1",
          "@citation-js/name": "@citation-js/name@0.4.2",
          "wikidata-sdk": "wikidata-sdk@8.1.1"
        }
      },
      "base64-js@1.5.1": {
        "integrity": "sha512-AKpaYlHn8t4SVbOHCy+b5+KKgvR4vrsD8vbvrbiQJps7fKDTkjkDry6ji0rUJjC0kzbNePLwzxq8iypo41qeWA==",
        "dependencies": {}
      },
      "buffer@5.7.1": {
        "integrity": "sha512-EHcyIPBQ4BSGlvjB16k5KgAJ27CIsHY/2JBmCRReo48y9rQ3MaUzWX3KVlBa4U7MyX02HdVj0K7C3WaB3ju7FQ==",
        "dependencies": {
          "base64-js": "base64-js@1.5.1",
          "ieee754": "ieee754@1.2.1"
        }
      },
      "citation-js@0.7.12_@citation-js+core@0.7.11": {
        "integrity": "sha512-5VSBB+rSQ9y+7AxwItcB01knIuXE6knE5fB7edV//a64TLQxiL7dftd9yUZT36VWrZ9VYXhc3mubcaIg9SAAyw==",
        "dependencies": {
          "@citation-js/cli": "@citation-js/cli@0.7.12_@citation-js+core@0.7.11",
          "@citation-js/core": "@citation-js/core@0.7.11",
          "@citation-js/date": "@citation-js/date@0.5.1",
          "@citation-js/name": "@citation-js/name@0.4.2",
          "@citation-js/plugin-bibjson": "@citation-js/plugin-bibjson@0.7.11_@citation-js+core@0.7.11",
          "@citation-js/plugin-bibtex": "@citation-js/plugin-bibtex@0.7.12_@citation-js+core@0.7.11",
          "@citation-js/plugin-csl": "@citation-js/plugin-csl@0.7.11_@citation-js+core@0.7.11",
          "@citation-js/plugin-doi": "@citation-js/plugin-doi@0.7.11_@citation-js+core@0.7.11",
          "@citation-js/plugin-ris": "@citation-js/plugin-ris@0.7.11_@citation-js+core@0.7.11",
          "@citation-js/plugin-wikidata": "@citation-js/plugin-wikidata@0.7.11_@citation-js+core@0.7.11",
          "citeproc": "citeproc@2.4.63"
        }
      },
      "citeproc@2.4.63": {
        "integrity": "sha512-68F95Bp4UbgZU/DBUGQn0qV3HDZLCdI9+Bb2ByrTaNJDL5VEm9LqaiNaxljsvoaExSLEXe1/r6n2Z06SCzW3/Q==",
        "dependencies": {}
      },
      "commander@11.1.0": {
        "integrity": "sha512-yPVavfyCcRhmorC7rWlkHn15b4wDVgVmBA7kV4QVBsF7kv/9TKJAbAXVTxvTnwP8HHKjRCJDClKbciiYS7p0DQ==",
        "dependencies": {}
      },
      "fetch-ponyfill@7.1.0": {
        "integrity": "sha512-FhbbL55dj/qdVO3YNK7ZEkshvj3eQ7EuIGV2I6ic/2YiocvyWv+7jg2s4AyS0wdRU75s3tA8ZxI/xPigb0v5Aw==",
        "dependencies": {
          "node-fetch": "node-fetch@2.6.13"
        }
      },
      "ieee754@1.2.1": {
        "integrity": "sha512-dcyqhDvX1C46lXZcVqCpK+FtMRQVdIMN6/Df5js2zouUsqG7I6sFxitIC+7KYK29KdXOLHdu9zL4sFnoVQnqaA==",
        "dependencies": {}
      },
      "moo@0.5.2": {
        "integrity": "sha512-iSAJLHYKnX41mKcJKjqvnAN9sf0LMDTXDEvFv+ffuRR9a1MIuXLjMNL6EsnDHSkKLTWNqQQ5uo61P4EbU4NU+Q==",
        "dependencies": {}
      },
      "node-fetch@2.6.13": {
        "integrity": "sha512-StxNAxh15zr77QvvkmveSQ8uCQ4+v5FkvNTj0OESmiHu+VRi/gXArXtkWMElOsOUNLtUEvI4yS+rdtOHZTwlQA==",
        "dependencies": {
          "whatwg-url": "whatwg-url@5.0.0"
        }
      },
      "sync-fetch@0.4.5": {
        "integrity": "sha512-esiWJ7ixSKGpd9DJPBTC4ckChqdOjIwJfYhVHkcQ2Gnm41323p1TRmEI+esTQ9ppD+b5opps2OTEGTCGX5kF+g==",
        "dependencies": {
          "buffer": "buffer@5.7.1",
          "node-fetch": "node-fetch@2.6.13"
        }
      },
      "tr46@0.0.3": {
        "integrity": "sha512-N3WMsuqV66lT30CrXNbEjx4GEwlow3v6rr4mCcv6prnfwhS01rkgyFdjPNBYd9br7LpXV1+Emh01fHnq2Gdgrw==",
        "dependencies": {}
      },
      "webidl-conversions@3.0.1": {
        "integrity": "sha512-2JAn3z8AR6rjK8Sm8orRC0h/bcl/DqL7tRPdGZ4I1CjdF+EaMLmYxBHyXuKL849eucPFhvBoxMsflfOb8kxaeQ==",
        "dependencies": {}
      },
      "whatwg-url@5.0.0": {
        "integrity": "sha512-saE57nupxk6v3HY35+jzBwYa0rKSy0XR8JSxZPwgLr7ys0IBzhGviA1/TUGJLmSVqs8pb9AnvICXEuOHLprYTw==",
        "dependencies": {
          "tr46": "tr46@0.0.3",
          "webidl-conversions": "webidl-conversions@3.0.1"
        }
      },
      "wikibase-sdk@8.1.1": {
        "integrity": "sha512-1NjMnfNQ4OaLh0dFAeTMvV3vGAq6HXsNKGfYUJYOVyBPGBDMunlY3QZ8+72hLV5FiKmc6Bzg1xbI0jCHfHmIew==",
        "dependencies": {}
      },
      "wikidata-sdk@8.1.1": {
        "integrity": "sha512-KOUhJtpCHg32k/tz7pFj/BaqiYAvYGz4sGzcT15t120832WtfNTGCSeohmln40/JOjpxzfzud/6q2x6Q0Ji5hg==",
        "dependencies": {
          "wikibase-sdk": "wikibase-sdk@8.1.1"
        }
      }
    }
  },
  "remote": {
    "https://deno.land/std@0.204.0/fmt/colors.ts": "c51c4642678eb690dcf5ffee5918b675bf01a33fba82acf303701ae1a4f8c8d9",
    "https://deno.land/x/logging_utils@v10.0/deps.ts": "1b27dc43357ce3edb11d55d0d91e8c7c41868d64dcf09c31857e2936a9bec8e9",
    "https://deno.land/x/logging_utils@v10.0/mod.ts": "09bf55c9635878962fe5ddcc19d87d6cfdb62385ce062a49f9df1d098c513feb",
    "https://raw.githubusercontent.com/worm-blossom/macromania/main/deps.ts": "8d6e33b37efd28a06bf9fbff8160d1b60fcccc0fac0e43c04ad7c379d50e322c",
    "https://raw.githubusercontent.com/worm-blossom/macromania/main/mod.ts": "bd789b21489036660b5db8e093d333ec6c4a322f2c9cafd317a57da936f6bc65",
    "https://raw.githubusercontent.com/worm-blossom/macromania/main/stack.ts": "722f5ba600251b39cda4a512c00d3d64bb147795e958fe319c29c25b56fbd0b3"
  }
}
